// !$*UTF8*$!
{
	archiveVersion = 1;
	classes = {
	};
	objectVersion = 55;
	objects = {

/* Begin PBXBuildFile section */
		0E71CCBE278FFC110041657A /* AppDelegate.swift in Sources */ = {isa = PBXBuildFile; fileRef = 0E71CCBD278FFC110041657A /* AppDelegate.swift */; };
		0E71CCC0278FFC110041657A /* SceneDelegate.swift in Sources */ = {isa = PBXBuildFile; fileRef = 0E71CCBF278FFC110041657A /* SceneDelegate.swift */; };
		0E71CCC2278FFC110041657A /* ViewController.swift in Sources */ = {isa = PBXBuildFile; fileRef = 0E71CCC1278FFC110041657A /* ViewController.swift */; };
		0E71CCC5278FFC110041657A /* Main.storyboard in Resources */ = {isa = PBXBuildFile; fileRef = 0E71CCC3278FFC110041657A /* Main.storyboard */; };
		0E71CCC7278FFC150041657A /* Assets.xcassets in Resources */ = {isa = PBXBuildFile; fileRef = 0E71CCC6278FFC150041657A /* Assets.xcassets */; };
		0E71CCCA278FFC150041657A /* LaunchScreen.storyboard in Resources */ = {isa = PBXBuildFile; fileRef = 0E71CCC8278FFC150041657A /* LaunchScreen.storyboard */; };
		0E71CCD5278FFC160041657A /* uiviewTests.swift in Sources */ = {isa = PBXBuildFile; fileRef = 0E71CCD4278FFC160041657A /* uiviewTests.swift */; };
		0E71CCDF278FFC160041657A /* uiviewUITests.swift in Sources */ = {isa = PBXBuildFile; fileRef = 0E71CCDE278FFC160041657A /* uiviewUITests.swift */; };
		0E71CCE1278FFC160041657A /* uiviewUITestsLaunchTests.swift in Sources */ = {isa = PBXBuildFile; fileRef = 0E71CCE0278FFC160041657A /* uiviewUITestsLaunchTests.swift */; };
/* End PBXBuildFile section */

/* Begin PBXContainerItemProxy section */
		0E71CCD1278FFC160041657A /* PBXContainerItemProxy */ = {
			isa = PBXContainerItemProxy;
			containerPortal = 0E71CCB2278FFC100041657A /* Project object */;
			proxyType = 1;
			remoteGlobalIDString = 0E71CCB9278FFC110041657A;
			remoteInfo = uiview;
		};
		0E71CCDB278FFC160041657A /* PBXContainerItemProxy */ = {
			isa = PBXContainerItemProxy;
			containerPortal = 0E71CCB2278FFC100041657A /* Project object */;
			proxyType = 1;
			remoteGlobalIDString = 0E71CCB9278FFC110041657A;
			remoteInfo = uiview;
		};
/* End PBXContainerItemProxy section */

/* Begin PBXFileReference section */
		0E71CCBA278FFC110041657A /* uiview.app */ = {isa = PBXFileReference; explicitFileType = wrapper.application; includeInIndex = 0; path = uiview.app; sourceTree = BUILT_PRODUCTS_DIR; };
		0E71CCBD278FFC110041657A /* AppDelegate.swift */ = {isa = PBXFileReference; lastKnownFileType = sourcecode.swift; path = AppDelegate.swift; sourceTree = "<group>"; };
		0E71CCBF278FFC110041657A /* SceneDelegate.swift */ = {isa = PBXFileReference; lastKnownFileType = sourcecode.swift; path = SceneDelegate.swift; sourceTree = "<group>"; };
		0E71CCC1278FFC110041657A /* ViewController.swift */ = {isa = PBXFileReference; lastKnownFileType = sourcecode.swift; path = ViewController.swift; sourceTree = "<group>"; };
		0E71CCC4278FFC110041657A /* Base */ = {isa = PBXFileReference; lastKnownFileType = file.storyboard; name = Base; path = Base.lproj/Main.storyboard; sourceTree = "<group>"; };
		0E71CCC6278FFC150041657A /* Assets.xcassets */ = {isa = PBXFileReference; lastKnownFileType = folder.assetcatalog; path = Assets.xcassets; sourceTree = "<group>"; };
		0E71CCC9278FFC150041657A /* Base */ = {isa = PBXFileReference; lastKnownFileType = file.storyboard; name = Base; path = Base.lproj/LaunchScreen.storyboard; sourceTree = "<group>"; };
		0E71CCCB278FFC150041657A /* Info.plist */ = {isa = PBXFileReference; lastKnownFileType = text.plist.xml; path = Info.plist; sourceTree = "<group>"; };
		0E71CCD0278FFC160041657A /* uiviewTests.xctest */ = {isa = PBXFileReference; explicitFileType = wrapper.cfbundle; includeInIndex = 0; path = uiviewTests.xctest; sourceTree = BUILT_PRODUCTS_DIR; };
		0E71CCD4278FFC160041657A /* uiviewTests.swift */ = {isa = PBXFileReference; lastKnownFileType = sourcecode.swift; path = uiviewTests.swift; sourceTree = "<group>"; };
		0E71CCDA278FFC160041657A /* uiviewUITests.xctest */ = {isa = PBXFileReference; explicitFileType = wrapper.cfbundle; includeInIndex = 0; path = uiviewUITests.xctest; sourceTree = BUILT_PRODUCTS_DIR; };
		0E71CCDE278FFC160041657A /* uiviewUITests.swift */ = {isa = PBXFileReference; lastKnownFileType = sourcecode.swift; path = uiviewUITests.swift; sourceTree = "<group>"; };
		0E71CCE0278FFC160041657A /* uiviewUITestsLaunchTests.swift */ = {isa = PBXFileReference; lastKnownFileType = sourcecode.swift; path = uiviewUITestsLaunchTests.swift; sourceTree = "<group>"; };
/* End PBXFileReference section */

/* Begin PBXFrameworksBuildPhase section */
		0E71CCB7278FFC110041657A /* Frameworks */ = {
			isa = PBXFrameworksBuildPhase;
			buildActionMask = 2147483647;
			files = (
			);
			runOnlyForDeploymentPostprocessing = 0;
		};
		0E71CCCD278FFC160041657A /* Frameworks */ = {
			isa = PBXFrameworksBuildPhase;
			buildActionMask = 2147483647;
			files = (
			);
			runOnlyForDeploymentPostprocessing = 0;
		};
		0E71CCD7278FFC160041657A /* Frameworks */ = {
			isa = PBXFrameworksBuildPhase;
			buildActionMask = 2147483647;
			files = (
			);
			runOnlyForDeploymentPostprocessing = 0;
		};
/* End PBXFrameworksBuildPhase section */

/* Begin PBXGroup section */
		0E71CCB1278FFC100041657A = {
			isa = PBXGroup;
			children = (
				0E71CCBC278FFC110041657A /* uiview */,
				0E71CCD3278FFC160041657A /* uiviewTests */,
				0E71CCDD278FFC160041657A /* uiviewUITests */,
				0E71CCBB278FFC110041657A /* Products */,
			);
			sourceTree = "<group>";
		};
		0E71CCBB278FFC110041657A /* Products */ = {
			isa = PBXGroup;
			children = (
				0E71CCBA278FFC110041657A /* uiview.app */,
				0E71CCD0278FFC160041657A /* uiviewTests.xctest */,
				0E71CCDA278FFC160041657A /* uiviewUITests.xctest */,
			);
			name = Products;
			sourceTree = "<group>";
		};
		0E71CCBC278FFC110041657A /* uiview */ = {
			isa = PBXGroup;
			children = (
				0E71CCBD278FFC110041657A /* AppDelegate.swift */,
				0E71CCBF278FFC110041657A /* SceneDelegate.swift */,
				0E71CCC1278FFC110041657A /* ViewController.swift */,
				0E71CCC3278FFC110041657A /* Main.storyboard */,
				0E71CCC6278FFC150041657A /* Assets.xcassets */,
				0E71CCC8278FFC150041657A /* LaunchScreen.storyboard */,
				0E71CCCB278FFC150041657A /* Info.plist */,
			);
			path = uiview;
			sourceTree = "<group>";
		};
		0E71CCD3278FFC160041657A /* uiviewTests */ = {
			isa = PBXGroup;
			children = (
				0E71CCD4278FFC160041657A /* uiviewTests.swift */,
			);
			path = uiviewTests;
			sourceTree = "<group>";
		};
		0E71CCDD278FFC160041657A /* uiviewUITests */ = {
			isa = PBXGroup;
			children = (
				0E71CCDE278FFC160041657A /* uiviewUITests.swift */,
				0E71CCE0278FFC160041657A /* uiviewUITestsLaunchTests.swift */,
			);
			path = uiviewUITests;
			sourceTree = "<group>";
		};
/* End PBXGroup section */

/* Begin PBXNativeTarget section */
		0E71CCB9278FFC110041657A /* uiview */ = {
			isa = PBXNativeTarget;
			buildConfigurationList = 0E71CCE4278FFC160041657A /* Build configuration list for PBXNativeTarget "uiview" */;
			buildPhases = (
				0E71CCB6278FFC110041657A /* Sources */,
				0E71CCB7278FFC110041657A /* Frameworks */,
				0E71CCB8278FFC110041657A /* Resources */,
			);
			buildRules = (
			);
			dependencies = (
			);
			name = uiview;
			productName = uiview;
			productReference = 0E71CCBA278FFC110041657A /* uiview.app */;
			productType = "com.apple.product-type.application";
		};
		0E71CCCF278FFC160041657A /* uiviewTests */ = {
			isa = PBXNativeTarget;
			buildConfigurationList = 0E71CCE7278FFC160041657A /* Build configuration list for PBXNativeTarget "uiviewTests" */;
			buildPhases = (
				0E71CCCC278FFC160041657A /* Sources */,
				0E71CCCD278FFC160041657A /* Frameworks */,
				0E71CCCE278FFC160041657A /* Resources */,
			);
			buildRules = (
			);
			dependencies = (
				0E71CCD2278FFC160041657A /* PBXTargetDependency */,
			);
			name = uiviewTests;
			productName = uiviewTests;
			productReference = 0E71CCD0278FFC160041657A /* uiviewTests.xctest */;
			productType = "com.apple.product-type.bundle.unit-test";
		};
		0E71CCD9278FFC160041657A /* uiviewUITests */ = {
			isa = PBXNativeTarget;
			buildConfigurationList = 0E71CCEA278FFC160041657A /* Build configuration list for PBXNativeTarget "uiviewUITests" */;
			buildPhases = (
				0E71CCD6278FFC160041657A /* Sources */,
				0E71CCD7278FFC160041657A /* Frameworks */,
				0E71CCD8278FFC160041657A /* Resources */,
			);
			buildRules = (
			);
			dependencies = (
				0E71CCDC278FFC160041657A /* PBXTargetDependency */,
			);
			name = uiviewUITests;
			productName = uiviewUITests;
			productReference = 0E71CCDA278FFC160041657A /* uiviewUITests.xctest */;
			productType = "com.apple.product-type.bundle.ui-testing";
		};
/* End PBXNativeTarget section */

/* Begin PBXProject section */
		0E71CCB2278FFC100041657A /* Project object */ = {
			isa = PBXProject;
			attributes = {
				BuildIndependentTargetsInParallel = 1;
				LastSwiftUpdateCheck = 1320;
				LastUpgradeCheck = 1320;
				TargetAttributes = {
					0E71CCB9278FFC110041657A = {
						CreatedOnToolsVersion = 13.2.1;
					};
					0E71CCCF278FFC160041657A = {
						CreatedOnToolsVersion = 13.2.1;
						TestTargetID = 0E71CCB9278FFC110041657A;
					};
					0E71CCD9278FFC160041657A = {
						CreatedOnToolsVersion = 13.2.1;
						TestTargetID = 0E71CCB9278FFC110041657A;
					};
				};
			};
			buildConfigurationList = 0E71CCB5278FFC100041657A /* Build configuration list for PBXProject "uiview" */;
			compatibilityVersion = "Xcode 13.0";
			developmentRegion = en;
			hasScannedForEncodings = 0;
			knownRegions = (
				en,
				Base,
			);
			mainGroup = 0E71CCB1278FFC100041657A;
			productRefGroup = 0E71CCBB278FFC110041657A /* Products */;
			projectDirPath = "";
			projectRoot = "";
			targets = (
				0E71CCB9278FFC110041657A /* uiview */,
				0E71CCCF278FFC160041657A /* uiviewTests */,
				0E71CCD9278FFC160041657A /* uiviewUITests */,
			);
		};
/* End PBXProject section */

/* Begin PBXResourcesBuildPhase section */
		0E71CCB8278FFC110041657A /* Resources */ = {
			isa = PBXResourcesBuildPhase;
			buildActionMask = 2147483647;
			files = (
				0E71CCCA278FFC150041657A /* LaunchScreen.storyboard in Resources */,
				0E71CCC7278FFC150041657A /* Assets.xcassets in Resources */,
				0E71CCC5278FFC110041657A /* Main.storyboard in Resources */,
			);
			runOnlyForDeploymentPostprocessing = 0;
		};
		0E71CCCE278FFC160041657A /* Resources */ = {
			isa = PBXResourcesBuildPhase;
			buildActionMask = 2147483647;
			files = (
			);
			runOnlyForDeploymentPostprocessing = 0;
		};
		0E71CCD8278FFC160041657A /* Resources */ = {
			isa = PBXResourcesBuildPhase;
			buildActionMask = 2147483647;
			files = (
			);
			runOnlyForDeploymentPostprocessing = 0;
		};
/* End PBXResourcesBuildPhase section */

/* Begin PBXSourcesBuildPhase section */
		0E71CCB6278FFC110041657A /* Sources */ = {
			isa = PBXSourcesBuildPhase;
			buildActionMask = 2147483647;
			files = (
				0E71CCC2278FFC110041657A /* ViewController.swift in Sources */,
				0E71CCBE278FFC110041657A /* AppDelegate.swift in Sources */,
				0E71CCC0278FFC110041657A /* SceneDelegate.swift in Sources */,
			);
			runOnlyForDeploymentPostprocessing = 0;
		};
		0E71CCCC278FFC160041657A /* Sources */ = {
			isa = PBXSourcesBuildPhase;
			buildActionMask = 2147483647;
			files = (
				0E71CCD5278FFC160041657A /* uiviewTests.swift in Sources */,
			);
			runOnlyForDeploymentPostprocessing = 0;
		};
		0E71CCD6278FFC160041657A /* Sources */ = {
			isa = PBXSourcesBuildPhase;
			buildActionMask = 2147483647;
			files = (
				0E71CCDF278FFC160041657A /* uiviewUITests.swift in Sources */,
				0E71CCE1278FFC160041657A /* uiviewUITestsLaunchTests.swift in Sources */,
			);
			runOnlyForDeploymentPostprocessing = 0;
		};
/* End PBXSourcesBuildPhase section */

/* Begin PBXTargetDependency section */
		0E71CCD2278FFC160041657A /* PBXTargetDependency */ = {
			isa = PBXTargetDependency;
			target = 0E71CCB9278FFC110041657A /* uiview */;
			targetProxy = 0E71CCD1278FFC160041657A /* PBXContainerItemProxy */;
		};
		0E71CCDC278FFC160041657A /* PBXTargetDependency */ = {
			isa = PBXTargetDependency;
			target = 0E71CCB9278FFC110041657A /* uiview */;
			targetProxy = 0E71CCDB278FFC160041657A /* PBXContainerItemProxy */;
		};
/* End PBXTargetDependency section */

/* Begin PBXVariantGroup section */
		0E71CCC3278FFC110041657A /* Main.storyboard */ = {
			isa = PBXVariantGroup;
			children = (
				0E71CCC4278FFC110041657A /* Base */,
			);
			name = Main.storyboard;
			sourceTree = "<group>";
		};
		0E71CCC8278FFC150041657A /* LaunchScreen.storyboard */ = {
			isa = PBXVariantGroup;
			children = (
				0E71CCC9278FFC150041657A /* Base */,
			);
			name = LaunchScreen.storyboard;
			sourceTree = "<group>";
		};
/* End PBXVariantGroup section */

/* Begin XCBuildConfiguration section */
		0E71CCE2278FFC160041657A /* Debug */ = {
			isa = XCBuildConfiguration;
			buildSettings = {
				ALWAYS_SEARCH_USER_PATHS = NO;
				CLANG_ANALYZER_NONNULL = YES;
				CLANG_ANALYZER_NUMBER_OBJECT_CONVERSION = YES_AGGRESSIVE;
				CLANG_CXX_LANGUAGE_STANDARD = "gnu++17";
				CLANG_CXX_LIBRARY = "libc++";
				CLANG_ENABLE_MODULES = YES;
				CLANG_ENABLE_OBJC_ARC = YES;
				CLANG_ENABLE_OBJC_WEAK = YES;
				CLANG_WARN_BLOCK_CAPTURE_AUTORELEASING = YES;
				CLANG_WARN_BOOL_CONVERSION = YES;
				CLANG_WARN_COMMA = YES;
				CLANG_WARN_CONSTANT_CONVERSION = YES;
				CLANG_WARN_DEPRECATED_OBJC_IMPLEMENTATIONS = YES;
				CLANG_WARN_DIRECT_OBJC_ISA_USAGE = YES_ERROR;
				CLANG_WARN_DOCUMENTATION_COMMENTS = YES;
				CLANG_WARN_EMPTY_BODY = YES;
				CLANG_WARN_ENUM_CONVERSION = YES;
				CLANG_WARN_INFINITE_RECURSION = YES;
				CLANG_WARN_INT_CONVERSION = YES;
				CLANG_WARN_NON_LITERAL_NULL_CONVERSION = YES;
				CLANG_WARN_OBJC_IMPLICIT_RETAIN_SELF = YES;
				CLANG_WARN_OBJC_LITERAL_CONVERSION = YES;
				CLANG_WARN_OBJC_ROOT_CLASS = YES_ERROR;
				CLANG_WARN_QUOTED_INCLUDE_IN_FRAMEWORK_HEADER = YES;
				CLANG_WARN_RANGE_LOOP_ANALYSIS = YES;
				CLANG_WARN_STRICT_PROTOTYPES = YES;
				CLANG_WARN_SUSPICIOUS_MOVE = YES;
				CLANG_WARN_UNGUARDED_AVAILABILITY = YES_AGGRESSIVE;
				CLANG_WARN_UNREACHABLE_CODE = YES;
				CLANG_WARN__DUPLICATE_METHOD_MATCH = YES;
				COPY_PHASE_STRIP = NO;
				DEBUG_INFORMATION_FORMAT = dwarf;
				ENABLE_STRICT_OBJC_MSGSEND = YES;
				ENABLE_TESTABILITY = YES;
				GCC_C_LANGUAGE_STANDARD = gnu11;
				GCC_DYNAMIC_NO_PIC = NO;
				GCC_NO_COMMON_BLOCKS = YES;
				GCC_OPTIMIZATION_LEVEL = 0;
				GCC_PREPROCESSOR_DEFINITIONS = (
					"DEBUG=1",
					"$(inherited)",
				);
				GCC_WARN_64_TO_32_BIT_CONVERSION = YES;
				GCC_WARN_ABOUT_RETURN_TYPE = YES_ERROR;
				GCC_WARN_UNDECLARED_SELECTOR = YES;
				GCC_WARN_UNINITIALIZED_AUTOS = YES_AGGRESSIVE;
				GCC_WARN_UNUSED_FUNCTION = YES;
				GCC_WARN_UNUSED_VARIABLE = YES;
				IPHONEOS_DEPLOYMENT_TARGET = 15.2;
				MTL_ENABLE_DEBUG_INFO = INCLUDE_SOURCE;
				MTL_FAST_MATH = YES;
				ONLY_ACTIVE_ARCH = YES;
				SDKROOT = iphoneos;
				SWIFT_ACTIVE_COMPILATION_CONDITIONS = DEBUG;
				SWIFT_OPTIMIZATION_LEVEL = "-Onone";
			};
			name = Debug;
		};
		0E71CCE3278FFC160041657A /* Release */ = {
			isa = XCBuildConfiguration;
			buildSettings = {
				ALWAYS_SEARCH_USER_PATHS = NO;
				CLANG_ANALYZER_NONNULL = YES;
				CLANG_ANALYZER_NUMBER_OBJECT_CONVERSION = YES_AGGRESSIVE;
				CLANG_CXX_LANGUAGE_STANDARD = "gnu++17";
				CLANG_CXX_LIBRARY = "libc++";
				CLANG_ENABLE_MODULES = YES;
				CLANG_ENABLE_OBJC_ARC = YES;
				CLANG_ENABLE_OBJC_WEAK = YES;
				CLANG_WARN_BLOCK_CAPTURE_AUTORELEASING = YES;
				CLANG_WARN_BOOL_CONVERSION = YES;
				CLANG_WARN_COMMA = YES;
				CLANG_WARN_CONSTANT_CONVERSION = YES;
				CLANG_WARN_DEPRECATED_OBJC_IMPLEMENTATIONS = YES;
				CLANG_WARN_DIRECT_OBJC_ISA_USAGE = YES_ERROR;
				CLANG_WARN_DOCUMENTATION_COMMENTS = YES;
				CLANG_WARN_EMPTY_BODY = YES;
				CLANG_WARN_ENUM_CONVERSION = YES;
				CLANG_WARN_INFINITE_RECURSION = YES;
				CLANG_WARN_INT_CONVERSION = YES;
				CLANG_WARN_NON_LITERAL_NULL_CONVERSION = YES;
				CLANG_WARN_OBJC_IMPLICIT_RETAIN_SELF = YES;
				CLANG_WARN_OBJC_LITERAL_CONVERSION = YES;
				CLANG_WARN_OBJC_ROOT_CLASS = YES_ERROR;
				CLANG_WARN_QUOTED_INCLUDE_IN_FRAMEWORK_HEADER = YES;
				CLANG_WARN_RANGE_LOOP_ANALYSIS = YES;
				CLANG_WARN_STRICT_PROTOTYPES = YES;
				CLANG_WARN_SUSPICIOUS_MOVE = YES;
				CLANG_WARN_UNGUARDED_AVAILABILITY = YES_AGGRESSIVE;
				CLANG_WARN_UNREACHABLE_CODE = YES;
				CLANG_WARN__DUPLICATE_METHOD_MATCH = YES;
				COPY_PHASE_STRIP = NO;
				DEBUG_INFORMATION_FORMAT = "dwarf-with-dsym";
				ENABLE_NS_ASSERTIONS = NO;
				ENABLE_STRICT_OBJC_MSGSEND = YES;
				GCC_C_LANGUAGE_STANDARD = gnu11;
				GCC_NO_COMMON_BLOCKS = YES;
				GCC_WARN_64_TO_32_BIT_CONVERSION = YES;
				GCC_WARN_ABOUT_RETURN_TYPE = YES_ERROR;
				GCC_WARN_UNDECLARED_SELECTOR = YES;
				GCC_WARN_UNINITIALIZED_AUTOS = YES_AGGRESSIVE;
				GCC_WARN_UNUSED_FUNCTION = YES;
				GCC_WARN_UNUSED_VARIABLE = YES;
				IPHONEOS_DEPLOYMENT_TARGET = 15.2;
				MTL_ENABLE_DEBUG_INFO = NO;
				MTL_FAST_MATH = YES;
				SDKROOT = iphoneos;
				SWIFT_COMPILATION_MODE = wholemodule;
				SWIFT_OPTIMIZATION_LEVEL = "-O";
				VALIDATE_PRODUCT = YES;
			};
			name = Release;
		};
		0E71CCE5278FFC160041657A /* Debug */ = {
			isa = XCBuildConfiguration;
			buildSettings = {
				ASSETCATALOG_COMPILER_APPICON_NAME = AppIcon;
				ASSETCATALOG_COMPILER_GLOBAL_ACCENT_COLOR_NAME = AccentColor;
				CODE_SIGN_STYLE = Automatic;
				CURRENT_PROJECT_VERSION = 1;
				DEVELOPMENT_TEAM = XW596Z96YV;
				GENERATE_INFOPLIST_FILE = YES;
				INFOPLIST_FILE = uiview/Info.plist;
				INFOPLIST_KEY_UIApplicationSupportsIndirectInputEvents = YES;
				INFOPLIST_KEY_UILaunchStoryboardName = LaunchScreen;
				INFOPLIST_KEY_UIMainStoryboardFile = Main;
				INFOPLIST_KEY_UISupportedInterfaceOrientations = UIInterfaceOrientationPortrait;
				INFOPLIST_KEY_UISupportedInterfaceOrientations_iPad = "UIInterfaceOrientationPortrait UIInterfaceOrientationPortraitUpsideDown UIInterfaceOrientationLandscapeLeft UIInterfaceOrientationLandscapeRight";
				INFOPLIST_KEY_UISupportedInterfaceOrientations_iPhone = "UIInterfaceOrientationPortrait UIInterfaceOrientationLandscapeLeft UIInterfaceOrientationLandscapeRight";
				LD_RUNPATH_SEARCH_PATHS = (
					"$(inherited)",
					"@executable_path/Frameworks",
				);
				MARKETING_VERSION = 1.0;
				PRODUCT_BUNDLE_IDENTIFIER = com.nurovnurik13pro.uiview;
				PRODUCT_NAME = "$(TARGET_NAME)";
				SWIFT_EMIT_LOC_STRINGS = YES;
				SWIFT_VERSION = 5.0;
				TARGETED_DEVICE_FAMILY = 1;
			};
			name = Debug;
		};
		0E71CCE6278FFC160041657A /* Release */ = {
			isa = XCBuildConfiguration;
			buildSettings = {
				ASSETCATALOG_COMPILER_APPICON_NAME = AppIcon;
				ASSETCATALOG_COMPILER_GLOBAL_ACCENT_COLOR_NAME = AccentColor;
				CODE_SIGN_STYLE = Automatic;
				CURRENT_PROJECT_VERSION = 1;
				DEVELOPMENT_TEAM = XW596Z96YV;
				GENERATE_INFOPLIST_FILE = YES;
				INFOPLIST_FILE = uiview/Info.plist;
				INFOPLIST_KEY_UIApplicationSupportsIndirectInputEvents = YES;
				INFOPLIST_KEY_UILaunchStoryboardName = LaunchScreen;
				INFOPLIST_KEY_UIMainStoryboardFile = Main;
				INFOPLIST_KEY_UISupportedInterfaceOrientations = UIInterfaceOrientationPortrait;
				INFOPLIST_KEY_UISupportedInterfaceOrientations_iPad = "UIInterfaceOrientationPortrait UIInterfaceOrientationPortraitUpsideDown UIInterfaceOrientationLandscapeLeft UIInterfaceOrientationLandscapeRight";
				INFOPLIST_KEY_UISupportedInterfaceOrientations_iPhone = "UIInterfaceOrientationPortrait UIInterfaceOrientationLandscapeLeft UIInterfaceOrientationLandscapeRight";
				LD_RUNPATH_SEARCH_PATHS = (
					"$(inherited)",
					"@executable_path/Frameworks",
				);
				MARKETING_VERSION = 1.0;
				PRODUCT_BUNDLE_IDENTIFIER = com.nurovnurik13pro.uiview;
				PRODUCT_NAME = "$(TARGET_NAME)";
				SWIFT_EMIT_LOC_STRINGS = YES;
				SWIFT_VERSION = 5.0;
				TARGETED_DEVICE_FAMILY = 1;
			};
			name = Release;
		};
		0E71CCE8278FFC160041657A /* Debug */ = {
			isa = XCBuildConfiguration;
			buildSettings = {
				ALWAYS_EMBED_SWIFT_STANDARD_LIBRARIES = YES;
				BUNDLE_LOADER = "$(TEST_HOST)";
				CODE_SIGN_STYLE = Automatic;
				CURRENT_PROJECT_VERSION = 1;
				DEVELOPMENT_TEAM = XW596Z96YV;
				GENERATE_INFOPLIST_FILE = YES;
				IPHONEOS_DEPLOYMENT_TARGET = 15.2;
				MARKETING_VERSION = 1.0;
				PRODUCT_BUNDLE_IDENTIFIER = com.nurovnurik13pro.uiviewTests;
				PRODUCT_NAME = "$(TARGET_NAME)";
				SWIFT_EMIT_LOC_STRINGS = NO;
				SWIFT_VERSION = 5.0;
				TARGETED_DEVICE_FAMILY = "1,2";
				TEST_HOST = "$(BUILT_PRODUCTS_DIR)/uiview.app/uiview";
			};
			name = Debug;
		};
		0E71CCE9278FFC160041657A /* Release */ = {
			isa = XCBuildConfiguration;
			buildSettings = {
				ALWAYS_EMBED_SWIFT_STANDARD_LIBRARIES = YES;
				BUNDLE_LOADER = "$(TEST_HOST)";
				CODE_SIGN_STYLE = Automatic;
				CURRENT_PROJECT_VERSION = 1;
				DEVELOPMENT_TEAM = XW596Z96YV;
				GENERATE_INFOPLIST_FILE = YES;
				IPHONEOS_DEPLOYMENT_TARGET = 15.2;
				MARKETING_VERSION = 1.0;
				PRODUCT_BUNDLE_IDENTIFIER = com.nurovnurik13pro.uiviewTests;
				PRODUCT_NAME = "$(TARGET_NAME)";
				SWIFT_EMIT_LOC_STRINGS = NO;
				SWIFT_VERSION = 5.0;
				TARGETED_DEVICE_FAMILY = "1,2";
				TEST_HOST = "$(BUILT_PRODUCTS_DIR)/uiview.app/uiview";
			};
			name = Release;
		};
		0E71CCEB278FFC160041657A /* Debug */ = {
			isa = XCBuildConfiguration;
			buildSettings = {
				ALWAYS_EMBED_SWIFT_STANDARD_LIBRARIES = YES;
				CODE_SIGN_STYLE = Automatic;
				CURRENT_PROJECT_VERSION = 1;
				DEVELOPMENT_TEAM = XW596Z96YV;
				GENERATE_INFOPLIST_FILE = YES;
				MARKETING_VERSION = 1.0;
				PRODUCT_BUNDLE_IDENTIFIER = com.nurovnurik13pro.uiviewUITests;
				PRODUCT_NAME = "$(TARGET_NAME)";
				SWIFT_EMIT_LOC_STRINGS = NO;
				SWIFT_VERSION = 5.0;
				TARGETED_DEVICE_FAMILY = "1,2";
				TEST_TARGET_NAME = uiview;
			};
			name = Debug;
		};
		0E71CCEC278FFC160041657A /* Release */ = {
			isa = XCBuildConfiguration;
			buildSettings = {
				ALWAYS_EMBED_SWIFT_STANDARD_LIBRARIES = YES;
				CODE_SIGN_STYLE = Automatic;
				CURRENT_PROJECT_VERSION = 1;
				DEVELOPMENT_TEAM = XW596Z96YV;
				GENERATE_INFOPLIST_FILE = YES;
				MARKETING_VERSION = 1.0;
				PRODUCT_BUNDLE_IDENTIFIER = com.nurovnurik13pro.uiviewUITests;
				PRODUCT_NAME = "$(TARGET_NAME)";
				SWIFT_EMIT_LOC_STRINGS = NO;
				SWIFT_VERSION = 5.0;
				TARGETED_DEVICE_FAMILY = "1,2";
				TEST_TARGET_NAME = uiview;
			};
			name = Release;
		};
/* End XCBuildConfiguration section */

/* Begin XCConfigurationList section */
		0E71CCB5278FFC100041657A /* Build configuration list for PBXProject "uiview" */ = {
			isa = XCConfigurationList;
			buildConfigurations = (
				0E71CCE2278FFC160041657A /* Debug */,
				0E71CCE3278FFC160041657A /* Release */,
			);
			defaultConfigurationIsVisible = 0;
			defaultConfigurationName = Release;
		};
		0E71CCE4278FFC160041657A /* Build configuration list for PBXNativeTarget "uiview" */ = {
			isa = XCConfigurationList;
			buildConfigurations = (
				0E71CCE5278FFC160041657A /* Debug */,
				0E71CCE6278FFC160041657A /* Release */,
			);
			defaultConfigurationIsVisible = 0;
			defaultConfigurationName = Release;
		};
		0E71CCE7278FFC160041657A /* Build configuration list for PBXNativeTarget "uiviewTests" */ = {
			isa = XCConfigurationList;
			buildConfigurations = (
				0E71CCE8278FFC160041657A /* Debug */,
				0E71CCE9278FFC160041657A /* Release */,
			);
			defaultConfigurationIsVisible = 0;
			defaultConfigurationName = Release;
		};
		0E71CCEA278FFC160041657A /* Build configuration list for PBXNativeTarget "uiviewUITests" */ = {
			isa = XCConfigurationList;
			buildConfigurations = (
				0E71CCEB278FFC160041657A /* Debug */,
				0E71CCEC278FFC160041657A /* Release */,
			);
			defaultConfigurationIsVisible = 0;
			defaultConfigurationName = Release;
		};
/* End XCConfigurationList section */
	};
	rootObject = 0E71CCB2278FFC100041657A /* Project object */;
}
